// !$*UTF8*$!
{
	archiveVersion = 1;
	classes = {
	};
	objectVersion = 46;
	objects = {

/* Begin PBXBuildFile section */
		A7F177781BE95FCF00EF4671 /* main.m in Sources */ = {isa = PBXBuildFile; fileRef = A7F177771BE95FCF00EF4671 /* main.m */; };
		A7F1777B1BE95FCF00EF4671 /* AppDelegate.m in Sources */ = {isa = PBXBuildFile; fileRef = A7F1777A1BE95FCF00EF4671 /* AppDelegate.m */; };
		A7F1777E1BE95FCF00EF4671 /* ViewController.m in Sources */ = {isa = PBXBuildFile; fileRef = A7F1777D1BE95FCF00EF4671 /* ViewController.m */; };
		A7F177811BE95FCF00EF4671 /* Main.storyboard in Resources */ = {isa = PBXBuildFile; fileRef = A7F1777F1BE95FCF00EF4671 /* Main.storyboard */; };
		A7F177831BE95FCF00EF4671 /* Assets.xcassets in Resources */ = {isa = PBXBuildFile; fileRef = A7F177821BE95FCF00EF4671 /* Assets.xcassets */; };
		A7F177861BE95FCF00EF4671 /* LaunchScreen.storyboard in Resources */ = {isa = PBXBuildFile; fileRef = A7F177841BE95FCF00EF4671 /* LaunchScreen.storyboard */; };
		A7F177911BE95FCF00EF4671 /* FuryTests.m in Sources */ = {isa = PBXBuildFile; fileRef = A7F177901BE95FCF00EF4671 /* FuryTests.m */; };
		A7F1779C1BE95FCF00EF4671 /* FuryUITests.m in Sources */ = {isa = PBXBuildFile; fileRef = A7F1779B1BE95FCF00EF4671 /* FuryUITests.m */; };
		A7F177AA1BE977DE00EF4671 /* AdSupport.framework in Frameworks */ = {isa = PBXBuildFile; fileRef = A7F177A91BE977DE00EF4671 /* AdSupport.framework */; };
		A7F177AC1BE977E800EF4671 /* SystemConfiguration.framework in Frameworks */ = {isa = PBXBuildFile; fileRef = A7F177AB1BE977E800EF4671 /* SystemConfiguration.framework */; };
		A7F177AE1BE977F300EF4671 /* CoreTelephony.framework in Frameworks */ = {isa = PBXBuildFile; fileRef = A7F177AD1BE977F300EF4671 /* CoreTelephony.framework */; };
		A7F177B01BE9780000EF4671 /* CFNetwork.framework in Frameworks */ = {isa = PBXBuildFile; fileRef = A7F177AF1BE9780000EF4671 /* CFNetwork.framework */; };
		A7F177B21BE9780900EF4671 /* CoreLocation.framework in Frameworks */ = {isa = PBXBuildFile; fileRef = A7F177B11BE9780900EF4671 /* CoreLocation.framework */; };
		A7F177B41BE9781500EF4671 /* libxml2.tbd in Frameworks */ = {isa = PBXBuildFile; fileRef = A7F177B31BE9781500EF4671 /* libxml2.tbd */; };
		A7F177C21BE9798B00EF4671 /* AEIdfaProvider.m in Sources */ = {isa = PBXBuildFile; fileRef = A7F177B91BE9798B00EF4671 /* AEIdfaProvider.m */; };
		A7F177C31BE9798B00EF4671 /* libengagement.a in Frameworks */ = {isa = PBXBuildFile; fileRef = A7F177C11BE9798B00EF4671 /* libengagement.a */; };
		A7F177E11BE9879000EF4671 /* libreach.a in Frameworks */ = {isa = PBXBuildFile; fileRef = A7F177DB1BE9879000EF4671 /* libreach.a */; };
		A7F177E21BE9879100EF4671 /* AEDefaultAnnouncementView.xib in Resources */ = {isa = PBXBuildFile; fileRef = A7F177DD1BE9879000EF4671 /* AEDefaultAnnouncementView.xib */; };
		A7F177E31BE9879100EF4671 /* AEDefaultPollView.xib in Resources */ = {isa = PBXBuildFile; fileRef = A7F177DE1BE9879000EF4671 /* AEDefaultPollView.xib */; };
		A7F177E41BE9879100EF4671 /* AENotificationView.xib in Resources */ = {isa = PBXBuildFile; fileRef = A7F177DF1BE9879000EF4671 /* AENotificationView.xib */; };
		A7F177E51BE9879100EF4671 /* close.png in Resources */ = {isa = PBXBuildFile; fileRef = A7F177E01BE9879000EF4671 /* close.png */; };
/* End PBXBuildFile section */

/* Begin PBXContainerItemProxy section */
		A7F1778D1BE95FCF00EF4671 /* PBXContainerItemProxy */ = {
			isa = PBXContainerItemProxy;
			containerPortal = A7F1776B1BE95FCF00EF4671 /* Project object */;
			proxyType = 1;
			remoteGlobalIDString = A7F177721BE95FCF00EF4671;
			remoteInfo = Fury;
		};
		A7F177981BE95FCF00EF4671 /* PBXContainerItemProxy */ = {
			isa = PBXContainerItemProxy;
			containerPortal = A7F1776B1BE95FCF00EF4671 /* Project object */;
			proxyType = 1;
			remoteGlobalIDString = A7F177721BE95FCF00EF4671;
			remoteInfo = Fury;
		};
/* End PBXContainerItemProxy section */

/* Begin PBXFileReference section */
		A7F177731BE95FCF00EF4671 /* Fury.app */ = {isa = PBXFileReference; explicitFileType = wrapper.application; includeInIndex = 0; path = Fury.app; sourceTree = BUILT_PRODUCTS_DIR; };
		A7F177771BE95FCF00EF4671 /* main.m */ = {isa = PBXFileReference; lastKnownFileType = sourcecode.c.objc; path = main.m; sourceTree = "<group>"; };
		A7F177791BE95FCF00EF4671 /* AppDelegate.h */ = {isa = PBXFileReference; lastKnownFileType = sourcecode.c.h; path = AppDelegate.h; sourceTree = "<group>"; };
		A7F1777A1BE95FCF00EF4671 /* AppDelegate.m */ = {isa = PBXFileReference; lastKnownFileType = sourcecode.c.objc; path = AppDelegate.m; sourceTree = "<group>"; };
		A7F1777C1BE95FCF00EF4671 /* ViewController.h */ = {isa = PBXFileReference; lastKnownFileType = sourcecode.c.h; path = ViewController.h; sourceTree = "<group>"; };
		A7F1777D1BE95FCF00EF4671 /* ViewController.m */ = {isa = PBXFileReference; lastKnownFileType = sourcecode.c.objc; path = ViewController.m; sourceTree = "<group>"; };
		A7F177801BE95FCF00EF4671 /* Base */ = {isa = PBXFileReference; lastKnownFileType = file.storyboard; name = Base; path = Base.lproj/Main.storyboard; sourceTree = "<group>"; };
		A7F177821BE95FCF00EF4671 /* Assets.xcassets */ = {isa = PBXFileReference; lastKnownFileType = folder.assetcatalog; path = Assets.xcassets; sourceTree = "<group>"; };
		A7F177851BE95FCF00EF4671 /* Base */ = {isa = PBXFileReference; lastKnownFileType = file.storyboard; name = Base; path = Base.lproj/LaunchScreen.storyboard; sourceTree = "<group>"; };
		A7F177871BE95FCF00EF4671 /* Info.plist */ = {isa = PBXFileReference; lastKnownFileType = text.plist.xml; path = Info.plist; sourceTree = "<group>"; };
		A7F1778C1BE95FCF00EF4671 /* FuryTests.xctest */ = {isa = PBXFileReference; explicitFileType = wrapper.cfbundle; includeInIndex = 0; path = FuryTests.xctest; sourceTree = BUILT_PRODUCTS_DIR; };
		A7F177901BE95FCF00EF4671 /* FuryTests.m */ = {isa = PBXFileReference; lastKnownFileType = sourcecode.c.objc; path = FuryTests.m; sourceTree = "<group>"; };
		A7F177921BE95FCF00EF4671 /* Info.plist */ = {isa = PBXFileReference; lastKnownFileType = text.plist.xml; path = Info.plist; sourceTree = "<group>"; };
		A7F177971BE95FCF00EF4671 /* FuryUITests.xctest */ = {isa = PBXFileReference; explicitFileType = wrapper.cfbundle; includeInIndex = 0; path = FuryUITests.xctest; sourceTree = BUILT_PRODUCTS_DIR; };
		A7F1779B1BE95FCF00EF4671 /* FuryUITests.m */ = {isa = PBXFileReference; lastKnownFileType = sourcecode.c.objc; path = FuryUITests.m; sourceTree = "<group>"; };
		A7F1779D1BE95FCF00EF4671 /* Info.plist */ = {isa = PBXFileReference; lastKnownFileType = text.plist.xml; path = Info.plist; sourceTree = "<group>"; };
		A7F177A91BE977DE00EF4671 /* AdSupport.framework */ = {isa = PBXFileReference; lastKnownFileType = wrapper.framework; name = AdSupport.framework; path = System/Library/Frameworks/AdSupport.framework; sourceTree = SDKROOT; };
		A7F177AB1BE977E800EF4671 /* SystemConfiguration.framework */ = {isa = PBXFileReference; lastKnownFileType = wrapper.framework; name = SystemConfiguration.framework; path = System/Library/Frameworks/SystemConfiguration.framework; sourceTree = SDKROOT; };
		A7F177AD1BE977F300EF4671 /* CoreTelephony.framework */ = {isa = PBXFileReference; lastKnownFileType = wrapper.framework; name = CoreTelephony.framework; path = System/Library/Frameworks/CoreTelephony.framework; sourceTree = SDKROOT; };
		A7F177AF1BE9780000EF4671 /* CFNetwork.framework */ = {isa = PBXFileReference; lastKnownFileType = wrapper.framework; name = CFNetwork.framework; path = System/Library/Frameworks/CFNetwork.framework; sourceTree = SDKROOT; };
		A7F177B11BE9780900EF4671 /* CoreLocation.framework */ = {isa = PBXFileReference; lastKnownFileType = wrapper.framework; name = CoreLocation.framework; path = System/Library/Frameworks/CoreLocation.framework; sourceTree = SDKROOT; };
		A7F177B31BE9781500EF4671 /* libxml2.tbd */ = {isa = PBXFileReference; lastKnownFileType = "sourcecode.text-based-dylib-definition"; name = libxml2.tbd; path = usr/lib/libxml2.tbd; sourceTree = SDKROOT; };
		A7F177B81BE9798B00EF4671 /* AEIdfaProvider.h */ = {isa = PBXFileReference; fileEncoding = 4; lastKnownFileType = sourcecode.c.h; path = AEIdfaProvider.h; sourceTree = "<group>"; };
		A7F177B91BE9798B00EF4671 /* AEIdfaProvider.m */ = {isa = PBXFileReference; fileEncoding = 4; lastKnownFileType = sourcecode.c.objc; path = AEIdfaProvider.m; sourceTree = "<group>"; };
		A7F177BB1BE9798B00EF4671 /* AEModule.h */ = {isa = PBXFileReference; fileEncoding = 4; lastKnownFileType = sourcecode.c.h; path = AEModule.h; sourceTree = "<group>"; };
		A7F177BC1BE9798B00EF4671 /* AEPushMessage.h */ = {isa = PBXFileReference; fileEncoding = 4; lastKnownFileType = sourcecode.c.h; path = AEPushMessage.h; sourceTree = "<group>"; };
		A7F177BD1BE9798B00EF4671 /* AEStorage.h */ = {isa = PBXFileReference; fileEncoding = 4; lastKnownFileType = sourcecode.c.h; path = AEStorage.h; sourceTree = "<group>"; };
		A7F177BE1BE9798B00EF4671 /* EngagementAgent.h */ = {isa = PBXFileReference; fileEncoding = 4; lastKnownFileType = sourcecode.c.h; path = EngagementAgent.h; sourceTree = "<group>"; };
		A7F177BF1BE9798B00EF4671 /* EngagementTableViewController.h */ = {isa = PBXFileReference; fileEncoding = 4; lastKnownFileType = sourcecode.c.h; path = EngagementTableViewController.h; sourceTree = "<group>"; };
		A7F177C01BE9798B00EF4671 /* EngagementViewController.h */ = {isa = PBXFileReference; fileEncoding = 4; lastKnownFileType = sourcecode.c.h; path = EngagementViewController.h; sourceTree = "<group>"; };
		A7F177C11BE9798B00EF4671 /* libengagement.a */ = {isa = PBXFileReference; lastKnownFileType = archive.ar; path = libengagement.a; sourceTree = "<group>"; };
		A7F177C61BE9879000EF4671 /* AEAnnouncementViewController.h */ = {isa = PBXFileReference; fileEncoding = 4; lastKnownFileType = sourcecode.c.h; path = AEAnnouncementViewController.h; sourceTree = "<group>"; };
		A7F177C71BE9879000EF4671 /* AEAutorotateView.h */ = {isa = PBXFileReference; fileEncoding = 4; lastKnownFileType = sourcecode.c.h; path = AEAutorotateView.h; sourceTree = "<group>"; };
		A7F177C81BE9879000EF4671 /* AEContentViewController.h */ = {isa = PBXFileReference; fileEncoding = 4; lastKnownFileType = sourcecode.c.h; path = AEContentViewController.h; sourceTree = "<group>"; };
		A7F177C91BE9879000EF4671 /* AEDefaultAnnouncementViewController.h */ = {isa = PBXFileReference; fileEncoding = 4; lastKnownFileType = sourcecode.c.h; path = AEDefaultAnnouncementViewController.h; sourceTree = "<group>"; };
		A7F177CA1BE9879000EF4671 /* AEDefaultNotifier.h */ = {isa = PBXFileReference; fileEncoding = 4; lastKnownFileType = sourcecode.c.h; path = AEDefaultNotifier.h; sourceTree = "<group>"; };
		A7F177CB1BE9879000EF4671 /* AEDefaultPollViewController.h */ = {isa = PBXFileReference; fileEncoding = 4; lastKnownFileType = sourcecode.c.h; path = AEDefaultPollViewController.h; sourceTree = "<group>"; };
		A7F177CC1BE9879000EF4671 /* AEInteractiveContent.h */ = {isa = PBXFileReference; fileEncoding = 4; lastKnownFileType = sourcecode.c.h; path = AEInteractiveContent.h; sourceTree = "<group>"; };
		A7F177CD1BE9879000EF4671 /* AENotificationView.h */ = {isa = PBXFileReference; fileEncoding = 4; lastKnownFileType = sourcecode.c.h; path = AENotificationView.h; sourceTree = "<group>"; };
		A7F177CE1BE9879000EF4671 /* AENotifier.h */ = {isa = PBXFileReference; fileEncoding = 4; lastKnownFileType = sourcecode.c.h; path = AENotifier.h; sourceTree = "<group>"; };
		A7F177CF1BE9879000EF4671 /* AEPollViewController.h */ = {isa = PBXFileReference; fileEncoding = 4; lastKnownFileType = sourcecode.c.h; path = AEPollViewController.h; sourceTree = "<group>"; };
		A7F177D01BE9879000EF4671 /* AEReachAbstractAnnouncement.h */ = {isa = PBXFileReference; fileEncoding = 4; lastKnownFileType = sourcecode.c.h; path = AEReachAbstractAnnouncement.h; sourceTree = "<group>"; };
		A7F177D11BE9879000EF4671 /* AEReachAnnouncement.h */ = {isa = PBXFileReference; fileEncoding = 4; lastKnownFileType = sourcecode.c.h; path = AEReachAnnouncement.h; sourceTree = "<group>"; };
		A7F177D21BE9879000EF4671 /* AEReachContent.h */ = {isa = PBXFileReference; fileEncoding = 4; lastKnownFileType = sourcecode.c.h; path = AEReachContent.h; sourceTree = "<group>"; };
		A7F177D31BE9879000EF4671 /* AEReachDataPush.h */ = {isa = PBXFileReference; fileEncoding = 4; lastKnownFileType = sourcecode.c.h; path = AEReachDataPush.h; sourceTree = "<group>"; };
		A7F177D41BE9879000EF4671 /* AEReachDataPushDelegate.h */ = {isa = PBXFileReference; fileEncoding = 4; lastKnownFileType = sourcecode.c.h; path = AEReachDataPushDelegate.h; sourceTree = "<group>"; };
		A7F177D51BE9879000EF4671 /* AEReachModule.h */ = {isa = PBXFileReference; fileEncoding = 4; lastKnownFileType = sourcecode.c.h; path = AEReachModule.h; sourceTree = "<group>"; };
		A7F177D61BE9879000EF4671 /* AEReachNotifAnnouncement.h */ = {isa = PBXFileReference; fileEncoding = 4; lastKnownFileType = sourcecode.c.h; path = AEReachNotifAnnouncement.h; sourceTree = "<group>"; };
		A7F177D71BE9879000EF4671 /* AEReachPoll.h */ = {isa = PBXFileReference; fileEncoding = 4; lastKnownFileType = sourcecode.c.h; path = AEReachPoll.h; sourceTree = "<group>"; };
		A7F177D81BE9879000EF4671 /* AEReachPollQuestion.h */ = {isa = PBXFileReference; fileEncoding = 4; lastKnownFileType = sourcecode.c.h; path = AEReachPollQuestion.h; sourceTree = "<group>"; };
		A7F177D91BE9879000EF4671 /* AEViewControllerUtil.h */ = {isa = PBXFileReference; fileEncoding = 4; lastKnownFileType = sourcecode.c.h; path = AEViewControllerUtil.h; sourceTree = "<group>"; };
		A7F177DA1BE9879000EF4671 /* AEWebAnnouncementJsBridge.h */ = {isa = PBXFileReference; fileEncoding = 4; lastKnownFileType = sourcecode.c.h; path = AEWebAnnouncementJsBridge.h; sourceTree = "<group>"; };
		A7F177DB1BE9879000EF4671 /* libreach.a */ = {isa = PBXFileReference; lastKnownFileType = archive.ar; path = libreach.a; sourceTree = "<group>"; };
		A7F177DD1BE9879000EF4671 /* AEDefaultAnnouncementView.xib */ = {isa = PBXFileReference; fileEncoding = 4; lastKnownFileType = file.xib; path = AEDefaultAnnouncementView.xib; sourceTree = "<group>"; };
		A7F177DE1BE9879000EF4671 /* AEDefaultPollView.xib */ = {isa = PBXFileReference; fileEncoding = 4; lastKnownFileType = file.xib; path = AEDefaultPollView.xib; sourceTree = "<group>"; };
		A7F177DF1BE9879000EF4671 /* AENotificationView.xib */ = {isa = PBXFileReference; fileEncoding = 4; lastKnownFileType = file.xib; path = AENotificationView.xib; sourceTree = "<group>"; };
		A7F177E01BE9879000EF4671 /* close.png */ = {isa = PBXFileReference; lastKnownFileType = image.png; path = close.png; sourceTree = "<group>"; };
/* End PBXFileReference section */

/* Begin PBXFrameworksBuildPhase section */
		A7F177701BE95FCF00EF4671 /* Frameworks */ = {
			isa = PBXFrameworksBuildPhase;
			buildActionMask = 2147483647;
			files = (
				A7F177B41BE9781500EF4671 /* libxml2.tbd in Frameworks */,
				A7F177B21BE9780900EF4671 /* CoreLocation.framework in Frameworks */,
				A7F177B01BE9780000EF4671 /* CFNetwork.framework in Frameworks */,
				A7F177E11BE9879000EF4671 /* libreach.a in Frameworks */,
				A7F177AE1BE977F300EF4671 /* CoreTelephony.framework in Frameworks */,
				A7F177C31BE9798B00EF4671 /* libengagement.a in Frameworks */,
				A7F177AC1BE977E800EF4671 /* SystemConfiguration.framework in Frameworks */,
				A7F177AA1BE977DE00EF4671 /* AdSupport.framework in Frameworks */,
			);
			runOnlyForDeploymentPostprocessing = 0;
		};
		A7F177891BE95FCF00EF4671 /* Frameworks */ = {
			isa = PBXFrameworksBuildPhase;
			buildActionMask = 2147483647;
			files = (
			);
			runOnlyForDeploymentPostprocessing = 0;
		};
		A7F177941BE95FCF00EF4671 /* Frameworks */ = {
			isa = PBXFrameworksBuildPhase;
			buildActionMask = 2147483647;
			files = (
			);
			runOnlyForDeploymentPostprocessing = 0;
		};
/* End PBXFrameworksBuildPhase section */

/* Begin PBXGroup section */
		A7F1776A1BE95FCF00EF4671 = {
			isa = PBXGroup;
			children = (
				A7F177B31BE9781500EF4671 /* libxml2.tbd */,
				A7F177B11BE9780900EF4671 /* CoreLocation.framework */,
				A7F177AF1BE9780000EF4671 /* CFNetwork.framework */,
				A7F177AD1BE977F300EF4671 /* CoreTelephony.framework */,
				A7F177AB1BE977E800EF4671 /* SystemConfiguration.framework */,
				A7F177A91BE977DE00EF4671 /* AdSupport.framework */,
				A7F177751BE95FCF00EF4671 /* Fury */,
				A7F1778F1BE95FCF00EF4671 /* FuryTests */,
				A7F1779A1BE95FCF00EF4671 /* FuryUITests */,
				A7F177741BE95FCF00EF4671 /* Products */,
			);
			sourceTree = "<group>";
		};
		A7F177741BE95FCF00EF4671 /* Products */ = {
			isa = PBXGroup;
			children = (
				A7F177731BE95FCF00EF4671 /* Fury.app */,
				A7F1778C1BE95FCF00EF4671 /* FuryTests.xctest */,
				A7F177971BE95FCF00EF4671 /* FuryUITests.xctest */,
			);
			name = Products;
			sourceTree = "<group>";
		};
		A7F177751BE95FCF00EF4671 /* Fury */ = {
			isa = PBXGroup;
			children = (
				A7F177B51BE9798B00EF4671 /* Third Party Frameworks */,
				A7F177791BE95FCF00EF4671 /* AppDelegate.h */,
				A7F1777A1BE95FCF00EF4671 /* AppDelegate.m */,
				A7F1777C1BE95FCF00EF4671 /* ViewController.h */,
				A7F1777D1BE95FCF00EF4671 /* ViewController.m */,
				A7F1777F1BE95FCF00EF4671 /* Main.storyboard */,
				A7F177821BE95FCF00EF4671 /* Assets.xcassets */,
				A7F177841BE95FCF00EF4671 /* LaunchScreen.storyboard */,
				A7F177871BE95FCF00EF4671 /* Info.plist */,
				A7F177761BE95FCF00EF4671 /* Supporting Files */,
			);
			path = Fury;
			sourceTree = "<group>";
		};
		A7F177761BE95FCF00EF4671 /* Supporting Files */ = {
			isa = PBXGroup;
			children = (
				A7F177771BE95FCF00EF4671 /* main.m */,
			);
			name = "Supporting Files";
			sourceTree = "<group>";
		};
		A7F1778F1BE95FCF00EF4671 /* FuryTests */ = {
			isa = PBXGroup;
			children = (
				A7F177901BE95FCF00EF4671 /* FuryTests.m */,
				A7F177921BE95FCF00EF4671 /* Info.plist */,
			);
			path = FuryTests;
			sourceTree = "<group>";
		};
		A7F1779A1BE95FCF00EF4671 /* FuryUITests */ = {
			isa = PBXGroup;
			children = (
				A7F1779B1BE95FCF00EF4671 /* FuryUITests.m */,
				A7F1779D1BE95FCF00EF4671 /* Info.plist */,
			);
			path = FuryUITests;
			sourceTree = "<group>";
		};
		A7F177B51BE9798B00EF4671 /* Third Party Frameworks */ = {
			isa = PBXGroup;
			children = (
				A7F177C41BE9879000EF4671 /* EngagementReach */,
				A7F177B61BE9798B00EF4671 /* EngagementSDK */,
			);
			path = "Third Party Frameworks";
			sourceTree = "<group>";
		};
		A7F177B61BE9798B00EF4671 /* EngagementSDK */ = {
			isa = PBXGroup;
			children = (
				A7F177B71BE9798B00EF4671 /* Classes */,
				A7F177BA1BE9798B00EF4671 /* Headers */,
				A7F177C11BE9798B00EF4671 /* libengagement.a */,
			);
			path = EngagementSDK;
			sourceTree = "<group>";
		};
		A7F177B71BE9798B00EF4671 /* Classes */ = {
			isa = PBXGroup;
			children = (
				A7F177B81BE9798B00EF4671 /* AEIdfaProvider.h */,
				A7F177B91BE9798B00EF4671 /* AEIdfaProvider.m */,
			);
			path = Classes;
			sourceTree = "<group>";
		};
		A7F177BA1BE9798B00EF4671 /* Headers */ = {
			isa = PBXGroup;
			children = (
				A7F177BB1BE9798B00EF4671 /* AEModule.h */,
				A7F177BC1BE9798B00EF4671 /* AEPushMessage.h */,
				A7F177BD1BE9798B00EF4671 /* AEStorage.h */,
				A7F177BE1BE9798B00EF4671 /* EngagementAgent.h */,
				A7F177BF1BE9798B00EF4671 /* EngagementTableViewController.h */,
				A7F177C01BE9798B00EF4671 /* EngagementViewController.h */,
			);
			path = Headers;
			sourceTree = "<group>";
		};
		A7F177C41BE9879000EF4671 /* EngagementReach */ = {
			isa = PBXGroup;
			children = (
				A7F177C51BE9879000EF4671 /* Headers */,
				A7F177DB1BE9879000EF4671 /* libreach.a */,
				A7F177DC1BE9879000EF4671 /* res */,
			);
			path = EngagementReach;
			sourceTree = "<group>";
		};
		A7F177C51BE9879000EF4671 /* Headers */ = {
			isa = PBXGroup;
			children = (
				A7F177C61BE9879000EF4671 /* AEAnnouncementViewController.h */,
				A7F177C71BE9879000EF4671 /* AEAutorotateView.h */,
				A7F177C81BE9879000EF4671 /* AEContentViewController.h */,
				A7F177C91BE9879000EF4671 /* AEDefaultAnnouncementViewController.h */,
				A7F177CA1BE9879000EF4671 /* AEDefaultNotifier.h */,
				A7F177CB1BE9879000EF4671 /* AEDefaultPollViewController.h */,
				A7F177CC1BE9879000EF4671 /* AEInteractiveContent.h */,
				A7F177CD1BE9879000EF4671 /* AENotificationView.h */,
				A7F177CE1BE9879000EF4671 /* AENotifier.h */,
				A7F177CF1BE9879000EF4671 /* AEPollViewController.h */,
				A7F177D01BE9879000EF4671 /* AEReachAbstractAnnouncement.h */,
				A7F177D11BE9879000EF4671 /* AEReachAnnouncement.h */,
				A7F177D21BE9879000EF4671 /* AEReachContent.h */,
				A7F177D31BE9879000EF4671 /* AEReachDataPush.h */,
				A7F177D41BE9879000EF4671 /* AEReachDataPushDelegate.h */,
				A7F177D51BE9879000EF4671 /* AEReachModule.h */,
				A7F177D61BE9879000EF4671 /* AEReachNotifAnnouncement.h */,
				A7F177D71BE9879000EF4671 /* AEReachPoll.h */,
				A7F177D81BE9879000EF4671 /* AEReachPollQuestion.h */,
				A7F177D91BE9879000EF4671 /* AEViewControllerUtil.h */,
				A7F177DA1BE9879000EF4671 /* AEWebAnnouncementJsBridge.h */,
			);
			path = Headers;
			sourceTree = "<group>";
		};
		A7F177DC1BE9879000EF4671 /* res */ = {
			isa = PBXGroup;
			children = (
				A7F177DD1BE9879000EF4671 /* AEDefaultAnnouncementView.xib */,
				A7F177DE1BE9879000EF4671 /* AEDefaultPollView.xib */,
				A7F177DF1BE9879000EF4671 /* AENotificationView.xib */,
				A7F177E01BE9879000EF4671 /* close.png */,
			);
			path = res;
			sourceTree = "<group>";
		};
/* End PBXGroup section */

/* Begin PBXNativeTarget section */
		A7F177721BE95FCF00EF4671 /* Fury */ = {
			isa = PBXNativeTarget;
			buildConfigurationList = A7F177A01BE95FCF00EF4671 /* Build configuration list for PBXNativeTarget "Fury" */;
			buildPhases = (
				A7F1776F1BE95FCF00EF4671 /* Sources */,
				A7F177701BE95FCF00EF4671 /* Frameworks */,
				A7F177711BE95FCF00EF4671 /* Resources */,
			);
			buildRules = (
			);
			dependencies = (
			);
			name = Fury;
			productName = Fury;
			productReference = A7F177731BE95FCF00EF4671 /* Fury.app */;
			productType = "com.apple.product-type.application";
		};
		A7F1778B1BE95FCF00EF4671 /* FuryTests */ = {
			isa = PBXNativeTarget;
			buildConfigurationList = A7F177A31BE95FCF00EF4671 /* Build configuration list for PBXNativeTarget "FuryTests" */;
			buildPhases = (
				A7F177881BE95FCF00EF4671 /* Sources */,
				A7F177891BE95FCF00EF4671 /* Frameworks */,
				A7F1778A1BE95FCF00EF4671 /* Resources */,
			);
			buildRules = (
			);
			dependencies = (
				A7F1778E1BE95FCF00EF4671 /* PBXTargetDependency */,
			);
			name = FuryTests;
			productName = FuryTests;
			productReference = A7F1778C1BE95FCF00EF4671 /* FuryTests.xctest */;
			productType = "com.apple.product-type.bundle.unit-test";
		};
		A7F177961BE95FCF00EF4671 /* FuryUITests */ = {
			isa = PBXNativeTarget;
			buildConfigurationList = A7F177A61BE95FCF00EF4671 /* Build configuration list for PBXNativeTarget "FuryUITests" */;
			buildPhases = (
				A7F177931BE95FCF00EF4671 /* Sources */,
				A7F177941BE95FCF00EF4671 /* Frameworks */,
				A7F177951BE95FCF00EF4671 /* Resources */,
			);
			buildRules = (
			);
			dependencies = (
				A7F177991BE95FCF00EF4671 /* PBXTargetDependency */,
			);
			name = FuryUITests;
			productName = FuryUITests;
			productReference = A7F177971BE95FCF00EF4671 /* FuryUITests.xctest */;
			productType = "com.apple.product-type.bundle.ui-testing";
		};
/* End PBXNativeTarget section */

/* Begin PBXProject section */
		A7F1776B1BE95FCF00EF4671 /* Project object */ = {
			isa = PBXProject;
			attributes = {
				LastUpgradeCheck = 0710;
				ORGANIZATIONNAME = "Christopher L. Price";
				TargetAttributes = {
					A7F177721BE95FCF00EF4671 = {
						CreatedOnToolsVersion = 7.1;
						DevelopmentTeam = QCHSMSH3C7;
						SystemCapabilities = {
							com.apple.Push = {
								enabled = 1;
							};
						};
					};
					A7F1778B1BE95FCF00EF4671 = {
						CreatedOnToolsVersion = 7.1;
						TestTargetID = A7F177721BE95FCF00EF4671;
					};
					A7F177961BE95FCF00EF4671 = {
						CreatedOnToolsVersion = 7.1;
						TestTargetID = A7F177721BE95FCF00EF4671;
					};
				};
			};
			buildConfigurationList = A7F1776E1BE95FCF00EF4671 /* Build configuration list for PBXProject "Fury" */;
			compatibilityVersion = "Xcode 3.2";
			developmentRegion = English;
			hasScannedForEncodings = 0;
			knownRegions = (
				en,
				Base,
			);
			mainGroup = A7F1776A1BE95FCF00EF4671;
			productRefGroup = A7F177741BE95FCF00EF4671 /* Products */;
			projectDirPath = "";
			projectRoot = "";
			targets = (
				A7F177721BE95FCF00EF4671 /* Fury */,
				A7F1778B1BE95FCF00EF4671 /* FuryTests */,
				A7F177961BE95FCF00EF4671 /* FuryUITests */,
			);
		};
/* End PBXProject section */

/* Begin PBXResourcesBuildPhase section */
		A7F177711BE95FCF00EF4671 /* Resources */ = {
			isa = PBXResourcesBuildPhase;
			buildActionMask = 2147483647;
			files = (
				A7F177861BE95FCF00EF4671 /* LaunchScreen.storyboard in Resources */,
				A7F177831BE95FCF00EF4671 /* Assets.xcassets in Resources */,
				A7F177811BE95FCF00EF4671 /* Main.storyboard in Resources */,
				A7F177E31BE9879100EF4671 /* AEDefaultPollView.xib in Resources */,
				A7F177E51BE9879100EF4671 /* close.png in Resources */,
				A7F177E21BE9879100EF4671 /* AEDefaultAnnouncementView.xib in Resources */,
				A7F177E41BE9879100EF4671 /* AENotificationView.xib in Resources */,
			);
			runOnlyForDeploymentPostprocessing = 0;
		};
		A7F1778A1BE95FCF00EF4671 /* Resources */ = {
			isa = PBXResourcesBuildPhase;
			buildActionMask = 2147483647;
			files = (
			);
			runOnlyForDeploymentPostprocessing = 0;
		};
		A7F177951BE95FCF00EF4671 /* Resources */ = {
			isa = PBXResourcesBuildPhase;
			buildActionMask = 2147483647;
			files = (
			);
			runOnlyForDeploymentPostprocessing = 0;
		};
/* End PBXResourcesBuildPhase section */

/* Begin PBXSourcesBuildPhase section */
		A7F1776F1BE95FCF00EF4671 /* Sources */ = {
			isa = PBXSourcesBuildPhase;
			buildActionMask = 2147483647;
			files = (
				A7F177C21BE9798B00EF4671 /* AEIdfaProvider.m in Sources */,
				A7F1777E1BE95FCF00EF4671 /* ViewController.m in Sources */,
				A7F1777B1BE95FCF00EF4671 /* AppDelegate.m in Sources */,
				A7F177781BE95FCF00EF4671 /* main.m in Sources */,
			);
			runOnlyForDeploymentPostprocessing = 0;
		};
		A7F177881BE95FCF00EF4671 /* Sources */ = {
			isa = PBXSourcesBuildPhase;
			buildActionMask = 2147483647;
			files = (
				A7F177911BE95FCF00EF4671 /* FuryTests.m in Sources */,
			);
			runOnlyForDeploymentPostprocessing = 0;
		};
		A7F177931BE95FCF00EF4671 /* Sources */ = {
			isa = PBXSourcesBuildPhase;
			buildActionMask = 2147483647;
			files = (
				A7F1779C1BE95FCF00EF4671 /* FuryUITests.m in Sources */,
			);
			runOnlyForDeploymentPostprocessing = 0;
		};
/* End PBXSourcesBuildPhase section */

/* Begin PBXTargetDependency section */
		A7F1778E1BE95FCF00EF4671 /* PBXTargetDependency */ = {
			isa = PBXTargetDependency;
			target = A7F177721BE95FCF00EF4671 /* Fury */;
			targetProxy = A7F1778D1BE95FCF00EF4671 /* PBXContainerItemProxy */;
		};
		A7F177991BE95FCF00EF4671 /* PBXTargetDependency */ = {
			isa = PBXTargetDependency;
			target = A7F177721BE95FCF00EF4671 /* Fury */;
			targetProxy = A7F177981BE95FCF00EF4671 /* PBXContainerItemProxy */;
		};
/* End PBXTargetDependency section */

/* Begin PBXVariantGroup section */
		A7F1777F1BE95FCF00EF4671 /* Main.storyboard */ = {
			isa = PBXVariantGroup;
			children = (
				A7F177801BE95FCF00EF4671 /* Base */,
			);
			name = Main.storyboard;
			sourceTree = "<group>";
		};
		A7F177841BE95FCF00EF4671 /* LaunchScreen.storyboard */ = {
			isa = PBXVariantGroup;
			children = (
				A7F177851BE95FCF00EF4671 /* Base */,
			);
			name = LaunchScreen.storyboard;
			sourceTree = "<group>";
		};
/* End PBXVariantGroup section */

/* Begin XCBuildConfiguration section */
		A7F1779E1BE95FCF00EF4671 /* Debug */ = {
			isa = XCBuildConfiguration;
			buildSettings = {
				ALWAYS_SEARCH_USER_PATHS = NO;
				CLANG_CXX_LANGUAGE_STANDARD = "gnu++0x";
				CLANG_CXX_LIBRARY = "libc++";
				CLANG_ENABLE_MODULES = YES;
				CLANG_ENABLE_OBJC_ARC = YES;
				CLANG_WARN_BOOL_CONVERSION = YES;
				CLANG_WARN_CONSTANT_CONVERSION = YES;
				CLANG_WARN_DIRECT_OBJC_ISA_USAGE = YES_ERROR;
				CLANG_WARN_EMPTY_BODY = YES;
				CLANG_WARN_ENUM_CONVERSION = YES;
				CLANG_WARN_INT_CONVERSION = YES;
				CLANG_WARN_OBJC_ROOT_CLASS = YES_ERROR;
				CLANG_WARN_UNREACHABLE_CODE = YES;
				CLANG_WARN__DUPLICATE_METHOD_MATCH = YES;
				"CODE_SIGN_IDENTITY[sdk=iphoneos*]" = "iPhone Developer";
				COPY_PHASE_STRIP = NO;
				DEBUG_INFORMATION_FORMAT = dwarf;
				ENABLE_STRICT_OBJC_MSGSEND = YES;
				ENABLE_TESTABILITY = YES;
				GCC_C_LANGUAGE_STANDARD = gnu99;
				GCC_DYNAMIC_NO_PIC = NO;
				GCC_NO_COMMON_BLOCKS = YES;
				GCC_OPTIMIZATION_LEVEL = 0;
				GCC_PREPROCESSOR_DEFINITIONS = (
					"DEBUG=1",
					"$(inherited)",
				);
				GCC_WARN_64_TO_32_BIT_CONVERSION = YES;
				GCC_WARN_ABOUT_RETURN_TYPE = YES_ERROR;
				GCC_WARN_UNDECLARED_SELECTOR = YES;
				GCC_WARN_UNINITIALIZED_AUTOS = YES_AGGRESSIVE;
				GCC_WARN_UNUSED_FUNCTION = YES;
				GCC_WARN_UNUSED_VARIABLE = YES;
				IPHONEOS_DEPLOYMENT_TARGET = 9.1;
				MTL_ENABLE_DEBUG_INFO = YES;
				ONLY_ACTIVE_ARCH = YES;
				SDKROOT = iphoneos;
			};
			name = Debug;
		};
		A7F1779F1BE95FCF00EF4671 /* Release */ = {
			isa = XCBuildConfiguration;
			buildSettings = {
				ALWAYS_SEARCH_USER_PATHS = NO;
				CLANG_CXX_LANGUAGE_STANDARD = "gnu++0x";
				CLANG_CXX_LIBRARY = "libc++";
				CLANG_ENABLE_MODULES = YES;
				CLANG_ENABLE_OBJC_ARC = YES;
				CLANG_WARN_BOOL_CONVERSION = YES;
				CLANG_WARN_CONSTANT_CONVERSION = YES;
				CLANG_WARN_DIRECT_OBJC_ISA_USAGE = YES_ERROR;
				CLANG_WARN_EMPTY_BODY = YES;
				CLANG_WARN_ENUM_CONVERSION = YES;
				CLANG_WARN_INT_CONVERSION = YES;
				CLANG_WARN_OBJC_ROOT_CLASS = YES_ERROR;
				CLANG_WARN_UNREACHABLE_CODE = YES;
				CLANG_WARN__DUPLICATE_METHOD_MATCH = YES;
				"CODE_SIGN_IDENTITY[sdk=iphoneos*]" = "iPhone Developer";
				COPY_PHASE_STRIP = NO;
				DEBUG_INFORMATION_FORMAT = "dwarf-with-dsym";
				ENABLE_NS_ASSERTIONS = NO;
				ENABLE_STRICT_OBJC_MSGSEND = YES;
				GCC_C_LANGUAGE_STANDARD = gnu99;
				GCC_NO_COMMON_BLOCKS = YES;
				GCC_WARN_64_TO_32_BIT_CONVERSION = YES;
				GCC_WARN_ABOUT_RETURN_TYPE = YES_ERROR;
				GCC_WARN_UNDECLARED_SELECTOR = YES;
				GCC_WARN_UNINITIALIZED_AUTOS = YES_AGGRESSIVE;
				GCC_WARN_UNUSED_FUNCTION = YES;
				GCC_WARN_UNUSED_VARIABLE = YES;
				IPHONEOS_DEPLOYMENT_TARGET = 9.1;
				MTL_ENABLE_DEBUG_INFO = NO;
				SDKROOT = iphoneos;
				VALIDATE_PRODUCT = YES;
			};
			name = Release;
		};
		A7F177A11BE95FCF00EF4671 /* Debug */ = {
			isa = XCBuildConfiguration;
			buildSettings = {
				ASSETCATALOG_COMPILER_APPICON_NAME = AppIcon;
				INFOPLIST_FILE = Fury/Info.plist;
				LD_RUNPATH_SEARCH_PATHS = "$(inherited) @executable_path/Frameworks";
				LIBRARY_SEARCH_PATHS = (
					"$(inherited)",
					"$(PROJECT_DIR)/Fury/Third",
					Party,
					Frameworks/EngagementSDK,
					"$(PROJECT_DIR)/Fury/Third",
					Party,
					Frameworks/EngagementReach,
				);
				PRODUCT_BUNDLE_IDENTIFIER = com.christopherprice.Fury;
				PRODUCT_NAME = "$(TARGET_NAME)";
			};
			name = Debug;
		};
		A7F177A21BE95FCF00EF4671 /* Release */ = {
			isa = XCBuildConfiguration;
			buildSettings = {
				ASSETCATALOG_COMPILER_APPICON_NAME = AppIcon;
				INFOPLIST_FILE = Fury/Info.plist;
				LD_RUNPATH_SEARCH_PATHS = "$(inherited) @executable_path/Frameworks";
				LIBRARY_SEARCH_PATHS = (
					"$(inherited)",
					"$(PROJECT_DIR)/Fury/Third",
					Party,
					Frameworks/EngagementSDK,
					"$(PROJECT_DIR)/Fury/Third",
					Party,
					Frameworks/EngagementReach,
				);
				PRODUCT_BUNDLE_IDENTIFIER = com.christopherprice.Fury;
				PRODUCT_NAME = "$(TARGET_NAME)";
			};
			name = Release;
		};
		A7F177A41BE95FCF00EF4671 /* Debug */ = {
			isa = XCBuildConfiguration;
			buildSettings = {
				BUNDLE_LOADER = "$(TEST_HOST)";
				INFOPLIST_FILE = FuryTests/Info.plist;
				LD_RUNPATH_SEARCH_PATHS = "$(inherited) @executable_path/Frameworks @loader_path/Frameworks";
				PRODUCT_BUNDLE_IDENTIFIER = com.christopherprice.FuryTests;
				PRODUCT_NAME = "$(TARGET_NAME)";
				TEST_HOST = "$(BUILT_PRODUCTS_DIR)/Fury.app/Fury";
			};
			name = Debug;
		};
		A7F177A51BE95FCF00EF4671 /* Release */ = {
			isa = XCBuildConfiguration;
			buildSettings = {
				BUNDLE_LOADER = "$(TEST_HOST)";
				INFOPLIST_FILE = FuryTests/Info.plist;
				LD_RUNPATH_SEARCH_PATHS = "$(inherited) @executable_path/Frameworks @loader_path/Frameworks";
				PRODUCT_BUNDLE_IDENTIFIER = com.christopherprice.FuryTests;
				PRODUCT_NAME = "$(TARGET_NAME)";
				TEST_HOST = "$(BUILT_PRODUCTS_DIR)/Fury.app/Fury";
			};
			name = Release;
		};
		A7F177A71BE95FCF00EF4671 /* Debug */ = {
			isa = XCBuildConfiguration;
			buildSettings = {
				INFOPLIST_FILE = FuryUITests/Info.plist;
				LD_RUNPATH_SEARCH_PATHS = "$(inherited) @executable_path/Frameworks @loader_path/Frameworks";
				PRODUCT_BUNDLE_IDENTIFIER = com.christopherprice.FuryUITests;
				PRODUCT_NAME = "$(TARGET_NAME)";
				TEST_TARGET_NAME = Fury;
				USES_XCTRUNNER = YES;
			};
			name = Debug;
		};
		A7F177A81BE95FCF00EF4671 /* Release */ = {
			isa = XCBuildConfiguration;
			buildSettings = {
				INFOPLIST_FILE = FuryUITests/Info.plist;
				LD_RUNPATH_SEARCH_PATHS = "$(inherited) @executable_path/Frameworks @loader_path/Frameworks";
				PRODUCT_BUNDLE_IDENTIFIER = com.christopherprice.FuryUITests;
				PRODUCT_NAME = "$(TARGET_NAME)";
				TEST_TARGET_NAME = Fury;
				USES_XCTRUNNER = YES;
			};
			name = Release;
		};
/* End XCBuildConfiguration section */

/* Begin XCConfigurationList section */
		A7F1776E1BE95FCF00EF4671 /* Build configuration list for PBXProject "Fury" */ = {
			isa = XCConfigurationList;
			buildConfigurations = (
				A7F1779E1BE95FCF00EF4671 /* Debug */,
				A7F1779F1BE95FCF00EF4671 /* Release */,
			);
			defaultConfigurationIsVisible = 0;
			defaultConfigurationName = Release;
		};
		A7F177A01BE95FCF00EF4671 /* Build configuration list for PBXNativeTarget "Fury" */ = {
			isa = XCConfigurationList;
			buildConfigurations = (
				A7F177A11BE95FCF00EF4671 /* Debug */,
				A7F177A21BE95FCF00EF4671 /* Release */,
			);
			defaultConfigurationIsVisible = 0;
		};
		A7F177A31BE95FCF00EF4671 /* Build configuration list for PBXNativeTarget "FuryTests" */ = {
			isa = XCConfigurationList;
			buildConfigurations = (
				A7F177A41BE95FCF00EF4671 /* Debug */,
				A7F177A51BE95FCF00EF4671 /* Release */,
			);
			defaultConfigurationIsVisible = 0;
		};
		A7F177A61BE95FCF00EF4671 /* Build configuration list for PBXNativeTarget "FuryUITests" */ = {
			isa = XCConfigurationList;
			buildConfigurations = (
				A7F177A71BE95FCF00EF4671 /* Debug */,
				A7F177A81BE95FCF00EF4671 /* Release */,
			);
			defaultConfigurationIsVisible = 0;
		};
/* End XCConfigurationList section */
	};
	rootObject = A7F1776B1BE95FCF00EF4671 /* Project object */;
}
